
Microsoft Visual Studio Solution File, Format Version 12.00
# Visual Studio 15
VisualStudioVersion = 15.0.26124.0
MinimumVisualStudioVersion = 15.0.26124.0
Project("{2150E333-8FDC-42A3-9474-1A3956D46DE8}") = "src", "src", "{79DF7DB6-B7A3-481D-B22E-E7C3F782098D}"
EndProject
Project("{FAE04EC0-301F-11D3-BF4B-00C04F79EFBC}") = "Nicomputer.Core.XmlDiff", "src\Nicomputer.Core.XmlDiff\Nicomputer.Core.XmlDiff.csproj", "{5E07DABA-9FE9-4AA3-8787-D5F80399BC66}"
EndProject
Project("{2150E333-8FDC-42A3-9474-1A3956D46DE8}") = "tests", "tests", "{33995558-D52A-4086-A7BF-CFFF130E8385}"
EndProject
Project("{FAE04EC0-301F-11D3-BF4B-00C04F79EFBC}") = "Nicomputer.Core.XmlDiff.Tests", "tests\Nicomputer.Core.XmlDiff.Tests\Nicomputer.Core.XmlDiff.Tests.csproj", "{742B1963-2B30-49FF-B378-CD0681A1C244}"
EndProject
Global
	GlobalSection(SolutionConfigurationPlatforms) = preSolution
		Debug|Any CPU = Debug|Any CPU
		Debug|x64 = Debug|x64
		Debug|x86 = Debug|x86
		Release|Any CPU = Release|Any CPU
		Release|x64 = Release|x64
		Release|x86 = Release|x86
	EndGlobalSection
	GlobalSection(SolutionProperties) = preSolution
		HideSolutionNode = FALSE
	EndGlobalSection
	GlobalSection(ProjectConfigurationPlatforms) = postSolution
		{5E07DABA-9FE9-4AA3-8787-D5F80399BC66}.Debug|Any CPU.ActiveCfg = Debug|Any CPU
		{5E07DABA-9FE9-4AA3-8787-D5F80399BC66}.Debug|Any CPU.Build.0 = Debug|Any CPU
		{5E07DABA-9FE9-4AA3-8787-D5F80399BC66}.Debug|x64.ActiveCfg = Debug|x64
		{5E07DABA-9FE9-4AA3-8787-D5F80399BC66}.Debug|x64.Build.0 = Debug|x64
		{5E07DABA-9FE9-4AA3-8787-D5F80399BC66}.Debug|x86.ActiveCfg = Debug|x86
		{5E07DABA-9FE9-4AA3-8787-D5F80399BC66}.Debug|x86.Build.0 = Debug|x86
		{5E07DABA-9FE9-4AA3-8787-D5F80399BC66}.Release|Any CPU.ActiveCfg = Release|Any CPU
		{5E07DABA-9FE9-4AA3-8787-D5F80399BC66}.Release|Any CPU.Build.0 = Release|Any CPU
		{5E07DABA-9FE9-4AA3-8787-D5F80399BC66}.Release|x64.ActiveCfg = Release|x64
		{5E07DABA-9FE9-4AA3-8787-D5F80399BC66}.Release|x64.Build.0 = Release|x64
		{5E07DABA-9FE9-4AA3-8787-D5F80399BC66}.Release|x86.ActiveCfg = Release|x86
		{5E07DABA-9FE9-4AA3-8787-D5F80399BC66}.Release|x86.Build.0 = Release|x86
		{742B1963-2B30-49FF-B378-CD0681A1C244}.Debug|Any CPU.ActiveCfg = Debug|Any CPU
		{742B1963-2B30-49FF-B378-CD0681A1C244}.Debug|Any CPU.Build.0 = Debug|Any CPU
		{742B1963-2B30-49FF-B378-CD0681A1C244}.Debug|x64.ActiveCfg = Debug|x64
		{742B1963-2B30-49FF-B378-CD0681A1C244}.Debug|x64.Build.0 = Debug|x64
		{742B1963-2B30-49FF-B378-CD0681A1C244}.Debug|x86.ActiveCfg = Debug|x86
		{742B1963-2B30-49FF-B378-CD0681A1C244}.Debug|x86.Build.0 = Debug|x86
		{742B1963-2B30-49FF-B378-CD0681A1C244}.Release|Any CPU.ActiveCfg = Release|Any CPU
		{742B1963-2B30-49FF-B378-CD0681A1C244}.Release|Any CPU.Build.0 = Release|Any CPU
		{742B1963-2B30-49FF-B378-CD0681A1C244}.Release|x64.ActiveCfg = Release|x64
		{742B1963-2B30-49FF-B378-CD0681A1C244}.Release|x64.Build.0 = Release|x64
		{742B1963-2B30-49FF-B378-CD0681A1C244}.Release|x86.ActiveCfg = Release|x86
		{742B1963-2B30-49FF-B378-CD0681A1C244}.Release|x86.Build.0 = Release|x86
	EndGlobalSection
	GlobalSection(NestedProjects) = preSolution
		{5E07DABA-9FE9-4AA3-8787-D5F80399BC66} = {79DF7DB6-B7A3-481D-B22E-E7C3F782098D}
		{742B1963-2B30-49FF-B378-CD0681A1C244} = {33995558-D52A-4086-A7BF-CFFF130E8385}
	EndGlobalSection
EndGlobal
